
Microsoft Visual Studio Solution File, Format Version 12.00
# Visual Studio Version 16
VisualStudioVersion = 16.0.31911.196
MinimumVisualStudioVersion = 10.0.40219.1
Project("{FAE04EC0-301F-11D3-BF4B-00C04F79EFBC}") = "NetworkFrame01", "NetworkFrame01\NetworkFrame01.csproj", "{070B9EFC-01A8-4FAE-B0C9-2D99C8DCB545}"
EndProject
Global
	GlobalSection(SolutionConfigurationPlatforms) = preSolution
		Debug|Any CPU = Debug|Any CPU
		Release|Any CPU = Release|Any CPU
	EndGlobalSection
	GlobalSection(ProjectConfigurationPlatforms) = postSolution
		{070B9EFC-01A8-4FAE-B0C9-2D99C8DCB545}.Debug|Any CPU.ActiveCfg = Debug|Any CPU
		{070B9EFC-01A8-4FAE-B0C9-2D99C8DCB545}.Debug|Any CPU.Build.0 = Debug|Any CPU
		{070B9EFC-01A8-4FAE-B0C9-2D99C8DCB545}.Release|Any CPU.ActiveCfg = Release|Any CPU
		{070B9EFC-01A8-4FAE-B0C9-2D99C8DCB545}.Release|Any CPU.Build.0 = Release|Any CPU
	EndGlobalSection
	GlobalSection(SolutionProperties) = preSolution
		HideSolutionNode = FALSE
	EndGlobalSection
	GlobalSection(ExtensibilityGlobals) = postSolution
		SolutionGuid = {8EFB3FDF-37F8-46E4-BA27-B387A21340D7}
	EndGlobalSection
EndGlobal
